
Microsoft Visual Studio Solution File, Format Version 12.00
# Visual Studio Version 17
VisualStudioVersion = 17.1.32210.238
MinimumVisualStudioVersion = 10.0.40219.1
Project("{FAE04EC0-301F-11D3-BF4B-00C04F79EFBC}") = "Login", "Login\Login.csproj", "{F888B1B6-34FB-40A1-9A40-4E87C3CAEC93}"
EndProject
Global
	GlobalSection(SolutionConfigurationPlatforms) = preSolution
		Debug|Any CPU = Debug|Any CPU
		Release|Any CPU = Release|Any CPU
	EndGlobalSection
	GlobalSection(ProjectConfigurationPlatforms) = postSolution
		{F888B1B6-34FB-40A1-9A40-4E87C3CAEC93}.Debug|Any CPU.ActiveCfg = Debug|Any CPU
		{F888B1B6-34FB-40A1-9A40-4E87C3CAEC93}.Debug|Any CPU.Build.0 = Debug|Any CPU
		{F888B1B6-34FB-40A1-9A40-4E87C3CAEC93}.Release|Any CPU.ActiveCfg = Release|Any CPU
		{F888B1B6-34FB-40A1-9A40-4E87C3CAEC93}.Release|Any CPU.Build.0 = Release|Any CPU
	EndGlobalSection
	GlobalSection(SolutionProperties) = preSolution
		HideSolutionNode = FALSE
	EndGlobalSection
	GlobalSection(ExtensibilityGlobals) = postSolution
		SolutionGuid = {D8433859-3108-496D-B454-94CDD00D8E15}
	EndGlobalSection
EndGlobal
